// !$*UTF8*$!
{
	archiveVersion = 1;
	classes = {
	};
	objectVersion = 46;
	objects = {

/* Begin PBXBuildFile section */
		1F198C5C19972320001C3700 /* QiitaTests.swift in Sources */ = {isa = PBXBuildFile; fileRef = 1F198C5B19972320001C3700 /* QiitaTests.swift */; };
		1FA620061996601000460108 /* SwiftState.h in Headers */ = {isa = PBXBuildFile; fileRef = 1FA620051996601000460108 /* SwiftState.h */; settings = {ATTRIBUTES = (Public, ); }; };
		1FA620201996606300460108 /* StateEventType.swift in Sources */ = {isa = PBXBuildFile; fileRef = 1FA620191996606200460108 /* StateEventType.swift */; };
		1FA620211996606300460108 /* StateMachine.swift in Sources */ = {isa = PBXBuildFile; fileRef = 1FA6201A1996606300460108 /* StateMachine.swift */; };
		1FA620221996606300460108 /* StateRoute.swift in Sources */ = {isa = PBXBuildFile; fileRef = 1FA6201B1996606300460108 /* StateRoute.swift */; };
		1FA620231996606300460108 /* StateRouteChain.swift in Sources */ = {isa = PBXBuildFile; fileRef = 1FA6201C1996606300460108 /* StateRouteChain.swift */; };
		1FA620241996606300460108 /* StateTransition.swift in Sources */ = {isa = PBXBuildFile; fileRef = 1FA6201D1996606300460108 /* StateTransition.swift */; };
		1FA620251996606300460108 /* StateTransitionChain.swift in Sources */ = {isa = PBXBuildFile; fileRef = 1FA6201E1996606300460108 /* StateTransitionChain.swift */; };
		1FA620261996606300460108 /* StateType.swift in Sources */ = {isa = PBXBuildFile; fileRef = 1FA6201F1996606300460108 /* StateType.swift */; };
		1FA62030199660CA00460108 /* _TestCase.swift in Sources */ = {isa = PBXBuildFile; fileRef = 1FA62027199660CA00460108 /* _TestCase.swift */; };
		1FA62031199660CA00460108 /* BasicTests.swift in Sources */ = {isa = PBXBuildFile; fileRef = 1FA62028199660CA00460108 /* BasicTests.swift */; };
		1FA62032199660CA00460108 /* MyState.swift in Sources */ = {isa = PBXBuildFile; fileRef = 1FA62029199660CA00460108 /* MyState.swift */; };
		1FA62033199660CA00460108 /* StateMachineChainTests.swift in Sources */ = {isa = PBXBuildFile; fileRef = 1FA6202A199660CA00460108 /* StateMachineChainTests.swift */; };
		1FA62034199660CA00460108 /* StateMachineEventTests.swift in Sources */ = {isa = PBXBuildFile; fileRef = 1FA6202B199660CA00460108 /* StateMachineEventTests.swift */; };
		1FA62035199660CA00460108 /* StateMachineTests.swift in Sources */ = {isa = PBXBuildFile; fileRef = 1FA6202C199660CA00460108 /* StateMachineTests.swift */; };
		1FA62036199660CA00460108 /* StateRouteTests.swift in Sources */ = {isa = PBXBuildFile; fileRef = 1FA6202D199660CA00460108 /* StateRouteTests.swift */; };
		1FA62037199660CA00460108 /* StateTransitionChainTests.swift in Sources */ = {isa = PBXBuildFile; fileRef = 1FA6202E199660CA00460108 /* StateTransitionChainTests.swift */; };
		1FA62038199660CA00460108 /* StateTransitionTests.swift in Sources */ = {isa = PBXBuildFile; fileRef = 1FA6202F199660CA00460108 /* StateTransitionTests.swift */; };
		1FB1EC8A199E515B00ABD937 /* MyEvent.swift in Sources */ = {isa = PBXBuildFile; fileRef = 1FB1EC89199E515B00ABD937 /* MyEvent.swift */; };
		1FB1EC8F199E60F800ABD937 /* String+SwiftState.swift in Sources */ = {isa = PBXBuildFile; fileRef = 1FB1EC8E199E60F800ABD937 /* String+SwiftState.swift */; };
		1FF692041996625900E3CE40 /* SwiftState.framework in Frameworks */ = {isa = PBXBuildFile; fileRef = 1FA620001996601000460108 /* SwiftState.framework */; };
		48797D5D19B42CBE0085D80F /* SwiftState.h in Headers */ = {isa = PBXBuildFile; fileRef = 1FA620051996601000460108 /* SwiftState.h */; settings = {ATTRIBUTES = (Public, ); }; };
		48797D5E19B42CCE0085D80F /* StateMachine.swift in Sources */ = {isa = PBXBuildFile; fileRef = 1FA6201A1996606300460108 /* StateMachine.swift */; };
		48797D5F19B42CCE0085D80F /* StateTransition.swift in Sources */ = {isa = PBXBuildFile; fileRef = 1FA6201D1996606300460108 /* StateTransition.swift */; };
		48797D6019B42CCE0085D80F /* StateTransitionChain.swift in Sources */ = {isa = PBXBuildFile; fileRef = 1FA6201E1996606300460108 /* StateTransitionChain.swift */; };
		48797D6119B42CCE0085D80F /* StateRoute.swift in Sources */ = {isa = PBXBuildFile; fileRef = 1FA6201B1996606300460108 /* StateRoute.swift */; };
		48797D6219B42CCE0085D80F /* StateRouteChain.swift in Sources */ = {isa = PBXBuildFile; fileRef = 1FA6201C1996606300460108 /* StateRouteChain.swift */; };
		48797D6319B42CD40085D80F /* StateType.swift in Sources */ = {isa = PBXBuildFile; fileRef = 1FA6201F1996606300460108 /* StateType.swift */; };
		48797D6419B42CD40085D80F /* StateEventType.swift in Sources */ = {isa = PBXBuildFile; fileRef = 1FA620191996606200460108 /* StateEventType.swift */; };
		48797D6519B42CD40085D80F /* String+SwiftState.swift in Sources */ = {isa = PBXBuildFile; fileRef = 1FB1EC8E199E60F800ABD937 /* String+SwiftState.swift */; };
/* End PBXBuildFile section */

/* Begin PBXContainerItemProxy section */
		1FF69205199662A000E3CE40 /* PBXContainerItemProxy */ = {
			isa = PBXContainerItemProxy;
			containerPortal = 1FA61FF71996601000460108 /* Project object */;
			proxyType = 1;
			remoteGlobalIDString = 1FA61FFF1996601000460108;
			remoteInfo = SwiftState;
		};
/* End PBXContainerItemProxy section */

/* Begin PBXFileReference section */
		1F198C5B19972320001C3700 /* QiitaTests.swift */ = {isa = PBXFileReference; fileEncoding = 4; lastKnownFileType = sourcecode.swift; path = QiitaTests.swift; sourceTree = "<group>"; };
		1FA620001996601000460108 /* SwiftState.framework */ = {isa = PBXFileReference; explicitFileType = wrapper.framework; includeInIndex = 0; path = SwiftState.framework; sourceTree = BUILT_PRODUCTS_DIR; };
		1FA620041996601000460108 /* Info.plist */ = {isa = PBXFileReference; lastKnownFileType = text.plist.xml; path = Info.plist; sourceTree = "<group>"; };
		1FA620051996601000460108 /* SwiftState.h */ = {isa = PBXFileReference; lastKnownFileType = sourcecode.c.h; path = SwiftState.h; sourceTree = "<group>"; };
		1FA6200B1996601000460108 /* SwiftStateTests.xctest */ = {isa = PBXFileReference; explicitFileType = wrapper.cfbundle; includeInIndex = 0; path = SwiftStateTests.xctest; sourceTree = BUILT_PRODUCTS_DIR; };
		1FA6200E1996601000460108 /* Info.plist */ = {isa = PBXFileReference; lastKnownFileType = text.plist.xml; path = Info.plist; sourceTree = "<group>"; };
		1FA620191996606200460108 /* StateEventType.swift */ = {isa = PBXFileReference; fileEncoding = 4; lastKnownFileType = sourcecode.swift; path = StateEventType.swift; sourceTree = "<group>"; };
		1FA6201A1996606300460108 /* StateMachine.swift */ = {isa = PBXFileReference; fileEncoding = 4; lastKnownFileType = sourcecode.swift; path = StateMachine.swift; sourceTree = "<group>"; };
		1FA6201B1996606300460108 /* StateRoute.swift */ = {isa = PBXFileReference; fileEncoding = 4; lastKnownFileType = sourcecode.swift; path = StateRoute.swift; sourceTree = "<group>"; };
		1FA6201C1996606300460108 /* StateRouteChain.swift */ = {isa = PBXFileReference; fileEncoding = 4; lastKnownFileType = sourcecode.swift; path = StateRouteChain.swift; sourceTree = "<group>"; };
		1FA6201D1996606300460108 /* StateTransition.swift */ = {isa = PBXFileReference; fileEncoding = 4; lastKnownFileType = sourcecode.swift; path = StateTransition.swift; sourceTree = "<group>"; };
		1FA6201E1996606300460108 /* StateTransitionChain.swift */ = {isa = PBXFileReference; fileEncoding = 4; lastKnownFileType = sourcecode.swift; path = StateTransitionChain.swift; sourceTree = "<group>"; };
		1FA6201F1996606300460108 /* StateType.swift */ = {isa = PBXFileReference; fileEncoding = 4; lastKnownFileType = sourcecode.swift; path = StateType.swift; sourceTree = "<group>"; };
		1FA62027199660CA00460108 /* _TestCase.swift */ = {isa = PBXFileReference; fileEncoding = 4; lastKnownFileType = sourcecode.swift; path = _TestCase.swift; sourceTree = "<group>"; };
		1FA62028199660CA00460108 /* BasicTests.swift */ = {isa = PBXFileReference; fileEncoding = 4; lastKnownFileType = sourcecode.swift; path = BasicTests.swift; sourceTree = "<group>"; };
		1FA62029199660CA00460108 /* MyState.swift */ = {isa = PBXFileReference; fileEncoding = 4; lastKnownFileType = sourcecode.swift; path = MyState.swift; sourceTree = "<group>"; };
		1FA6202A199660CA00460108 /* StateMachineChainTests.swift */ = {isa = PBXFileReference; fileEncoding = 4; lastKnownFileType = sourcecode.swift; path = StateMachineChainTests.swift; sourceTree = "<group>"; };
		1FA6202B199660CA00460108 /* StateMachineEventTests.swift */ = {isa = PBXFileReference; fileEncoding = 4; lastKnownFileType = sourcecode.swift; path = StateMachineEventTests.swift; sourceTree = "<group>"; };
		1FA6202C199660CA00460108 /* StateMachineTests.swift */ = {isa = PBXFileReference; fileEncoding = 4; lastKnownFileType = sourcecode.swift; path = StateMachineTests.swift; sourceTree = "<group>"; };
		1FA6202D199660CA00460108 /* StateRouteTests.swift */ = {isa = PBXFileReference; fileEncoding = 4; lastKnownFileType = sourcecode.swift; path = StateRouteTests.swift; sourceTree = "<group>"; };
		1FA6202E199660CA00460108 /* StateTransitionChainTests.swift */ = {isa = PBXFileReference; fileEncoding = 4; lastKnownFileType = sourcecode.swift; path = StateTransitionChainTests.swift; sourceTree = "<group>"; };
		1FA6202F199660CA00460108 /* StateTransitionTests.swift */ = {isa = PBXFileReference; fileEncoding = 4; lastKnownFileType = sourcecode.swift; path = StateTransitionTests.swift; sourceTree = "<group>"; };
		1FB1EC89199E515B00ABD937 /* MyEvent.swift */ = {isa = PBXFileReference; fileEncoding = 4; lastKnownFileType = sourcecode.swift; path = MyEvent.swift; sourceTree = "<group>"; };
		1FB1EC8E199E60F800ABD937 /* String+SwiftState.swift */ = {isa = PBXFileReference; fileEncoding = 4; lastKnownFileType = sourcecode.swift; path = "String+SwiftState.swift"; sourceTree = "<group>"; };
		4872D5AC19B4211900F326B5 /* SwiftState.framework */ = {isa = PBXFileReference; explicitFileType = wrapper.framework; includeInIndex = 0; path = SwiftState.framework; sourceTree = BUILT_PRODUCTS_DIR; };
/* End PBXFileReference section */

/* Begin PBXFrameworksBuildPhase section */
		1FA61FFC1996601000460108 /* Frameworks */ = {
			isa = PBXFrameworksBuildPhase;
			buildActionMask = 2147483647;
			files = (
			);
			runOnlyForDeploymentPostprocessing = 0;
		};
		1FA620081996601000460108 /* Frameworks */ = {
			isa = PBXFrameworksBuildPhase;
			buildActionMask = 2147483647;
			files = (
				1FF692041996625900E3CE40 /* SwiftState.framework in Frameworks */,
			);
			runOnlyForDeploymentPostprocessing = 0;
		};
		4872D5A819B4211900F326B5 /* Frameworks */ = {
			isa = PBXFrameworksBuildPhase;
			buildActionMask = 2147483647;
			files = (
			);
			runOnlyForDeploymentPostprocessing = 0;
		};
/* End PBXFrameworksBuildPhase section */

/* Begin PBXGroup section */
		1FA61FF61996601000460108 = {
			isa = PBXGroup;
			children = (
				1FA620021996601000460108 /* SwiftState */,
				1FA6200C1996601000460108 /* SwiftStateTests */,
				1FA620011996601000460108 /* Products */,
			);
			sourceTree = "<group>";
		};
		1FA620011996601000460108 /* Products */ = {
			isa = PBXGroup;
			children = (
				1FA620001996601000460108 /* SwiftState.framework */,
				1FA6200B1996601000460108 /* SwiftStateTests.xctest */,
				4872D5AC19B4211900F326B5 /* SwiftState.framework */,
			);
			name = Products;
			sourceTree = "<group>";
		};
		1FA620021996601000460108 /* SwiftState */ = {
			isa = PBXGroup;
			children = (
				1FA620051996601000460108 /* SwiftState.h */,
				1FB1EC88199E4ABC00ABD937 /* Type */,
				1FA6201A1996606300460108 /* StateMachine.swift */,
				1FA6201D1996606300460108 /* StateTransition.swift */,
				1FA6201E1996606300460108 /* StateTransitionChain.swift */,
				1FA6201B1996606300460108 /* StateRoute.swift */,
				1FA6201C1996606300460108 /* StateRouteChain.swift */,
				1FA620031996601000460108 /* Supporting Files */,
			);
			path = SwiftState;
			sourceTree = "<group>";
		};
		1FA620031996601000460108 /* Supporting Files */ = {
			isa = PBXGroup;
			children = (
				1FA620041996601000460108 /* Info.plist */,
			);
			name = "Supporting Files";
			sourceTree = "<group>";
		};
		1FA6200C1996601000460108 /* SwiftStateTests */ = {
			isa = PBXGroup;
			children = (
				1FA62027199660CA00460108 /* _TestCase.swift */,
				1FB1EC8D199E609900ABD937 /* Type */,
				1FA62028199660CA00460108 /* BasicTests.swift */,
				1F198C5B19972320001C3700 /* QiitaTests.swift */,
				1FA6202C199660CA00460108 /* StateMachineTests.swift */,
				1FA6202A199660CA00460108 /* StateMachineChainTests.swift */,
				1FA6202B199660CA00460108 /* StateMachineEventTests.swift */,
				1FA6202F199660CA00460108 /* StateTransitionTests.swift */,
				1FA6202E199660CA00460108 /* StateTransitionChainTests.swift */,
				1FA6202D199660CA00460108 /* StateRouteTests.swift */,
				1FA6200D1996601000460108 /* Supporting Files */,
			);
			path = SwiftStateTests;
			sourceTree = "<group>";
		};
		1FA6200D1996601000460108 /* Supporting Files */ = {
			isa = PBXGroup;
			children = (
				1FA6200E1996601000460108 /* Info.plist */,
			);
			name = "Supporting Files";
			sourceTree = "<group>";
		};
		1FB1EC88199E4ABC00ABD937 /* Type */ = {
			isa = PBXGroup;
			children = (
				1FA6201F1996606300460108 /* StateType.swift */,
				1FA620191996606200460108 /* StateEventType.swift */,
				1FB1EC8E199E60F800ABD937 /* String+SwiftState.swift */,
			);
			name = Type;
			sourceTree = "<group>";
		};
		1FB1EC8D199E609900ABD937 /* Type */ = {
			isa = PBXGroup;
			children = (
				1FA62029199660CA00460108 /* MyState.swift */,
				1FB1EC89199E515B00ABD937 /* MyEvent.swift */,
			);
			name = Type;
			sourceTree = "<group>";
		};
/* End PBXGroup section */

/* Begin PBXHeadersBuildPhase section */
		1FA61FFD1996601000460108 /* Headers */ = {
			isa = PBXHeadersBuildPhase;
			buildActionMask = 2147483647;
			files = (
				1FA620061996601000460108 /* SwiftState.h in Headers */,
			);
			runOnlyForDeploymentPostprocessing = 0;
		};
		4872D5A919B4211900F326B5 /* Headers */ = {
			isa = PBXHeadersBuildPhase;
			buildActionMask = 2147483647;
			files = (
				48797D5D19B42CBE0085D80F /* SwiftState.h in Headers */,
			);
			runOnlyForDeploymentPostprocessing = 0;
		};
/* End PBXHeadersBuildPhase section */

/* Begin PBXNativeTarget section */
		1FA61FFF1996601000460108 /* SwiftState */ = {
			isa = PBXNativeTarget;
			buildConfigurationList = 1FA620131996601000460108 /* Build configuration list for PBXNativeTarget "SwiftState" */;
			buildPhases = (
				1FA61FFB1996601000460108 /* Sources */,
				1FA61FFC1996601000460108 /* Frameworks */,
				1FA61FFD1996601000460108 /* Headers */,
				1FA61FFE1996601000460108 /* Resources */,
			);
			buildRules = (
			);
			dependencies = (
			);
			name = SwiftState;
			productName = SwiftState;
			productReference = 1FA620001996601000460108 /* SwiftState.framework */;
			productType = "com.apple.product-type.framework";
		};
		1FA6200A1996601000460108 /* SwiftStateTests */ = {
			isa = PBXNativeTarget;
			buildConfigurationList = 1FA620161996601000460108 /* Build configuration list for PBXNativeTarget "SwiftStateTests" */;
			buildPhases = (
				1FA620071996601000460108 /* Sources */,
				1FA620081996601000460108 /* Frameworks */,
				1FA620091996601000460108 /* Resources */,
			);
			buildRules = (
			);
			dependencies = (
				1FF69206199662A000E3CE40 /* PBXTargetDependency */,
			);
			name = SwiftStateTests;
			productName = SwiftStateTests;
			productReference = 1FA6200B1996601000460108 /* SwiftStateTests.xctest */;
			productType = "com.apple.product-type.bundle.unit-test";
		};
		4872D5AB19B4211900F326B5 /* SwiftState-iOS */ = {
			isa = PBXNativeTarget;
			buildConfigurationList = 4872D5C019B4211900F326B5 /* Build configuration list for PBXNativeTarget "SwiftState-iOS" */;
			buildPhases = (
				4872D5A719B4211900F326B5 /* Sources */,
				4872D5A819B4211900F326B5 /* Frameworks */,
				4872D5A919B4211900F326B5 /* Headers */,
				4872D5AA19B4211900F326B5 /* Resources */,
			);
			buildRules = (
			);
			dependencies = (
			);
			name = "SwiftState-iOS";
			productName = "SwiftState-iOS";
			productReference = 4872D5AC19B4211900F326B5 /* SwiftState.framework */;
			productType = "com.apple.product-type.framework";
		};
/* End PBXNativeTarget section */

/* Begin PBXProject section */
		1FA61FF71996601000460108 /* Project object */ = {
			isa = PBXProject;
			attributes = {
				LastUpgradeCheck = 0600;
				ORGANIZATIONNAME = "Yasuhiro Inami";
				TargetAttributes = {
					1FA61FFF1996601000460108 = {
						CreatedOnToolsVersion = 6.0;
					};
					1FA6200A1996601000460108 = {
						CreatedOnToolsVersion = 6.0;
					};
					4872D5AB19B4211900F326B5 = {
						CreatedOnToolsVersion = 6.0;
					};
				};
			};
			buildConfigurationList = 1FA61FFA1996601000460108 /* Build configuration list for PBXProject "SwiftState" */;
			compatibilityVersion = "Xcode 3.2";
			developmentRegion = English;
			hasScannedForEncodings = 0;
			knownRegions = (
				en,
			);
			mainGroup = 1FA61FF61996601000460108;
			productRefGroup = 1FA620011996601000460108 /* Products */;
			projectDirPath = "";
			projectRoot = "";
			targets = (
				1FA61FFF1996601000460108 /* SwiftState */,
				1FA6200A1996601000460108 /* SwiftStateTests */,
				4872D5AB19B4211900F326B5 /* SwiftState-iOS */,
			);
		};
/* End PBXProject section */

/* Begin PBXResourcesBuildPhase section */
		1FA61FFE1996601000460108 /* Resources */ = {
			isa = PBXResourcesBuildPhase;
			buildActionMask = 2147483647;
			files = (
			);
			runOnlyForDeploymentPostprocessing = 0;
		};
		1FA620091996601000460108 /* Resources */ = {
			isa = PBXResourcesBuildPhase;
			buildActionMask = 2147483647;
			files = (
			);
			runOnlyForDeploymentPostprocessing = 0;
		};
		4872D5AA19B4211900F326B5 /* Resources */ = {
			isa = PBXResourcesBuildPhase;
			buildActionMask = 2147483647;
			files = (
			);
			runOnlyForDeploymentPostprocessing = 0;
		};
/* End PBXResourcesBuildPhase section */

/* Begin PBXSourcesBuildPhase section */
		1FA61FFB1996601000460108 /* Sources */ = {
			isa = PBXSourcesBuildPhase;
			buildActionMask = 2147483647;
			files = (
				1FA620251996606300460108 /* StateTransitionChain.swift in Sources */,
				1FA620241996606300460108 /* StateTransition.swift in Sources */,
				1FB1EC8F199E60F800ABD937 /* String+SwiftState.swift in Sources */,
				1FA620201996606300460108 /* StateEventType.swift in Sources */,
				1FA620221996606300460108 /* StateRoute.swift in Sources */,
				1FA620211996606300460108 /* StateMachine.swift in Sources */,
				1FA620261996606300460108 /* StateType.swift in Sources */,
				1FA620231996606300460108 /* StateRouteChain.swift in Sources */,
			);
			runOnlyForDeploymentPostprocessing = 0;
		};
		1FA620071996601000460108 /* Sources */ = {
			isa = PBXSourcesBuildPhase;
			buildActionMask = 2147483647;
			files = (
				1FB1EC8A199E515B00ABD937 /* MyEvent.swift in Sources */,
				1F198C5C19972320001C3700 /* QiitaTests.swift in Sources */,
				1FA62038199660CA00460108 /* StateTransitionTests.swift in Sources */,
				1FA62033199660CA00460108 /* StateMachineChainTests.swift in Sources */,
				1FA62030199660CA00460108 /* _TestCase.swift in Sources */,
				1FA62036199660CA00460108 /* StateRouteTests.swift in Sources */,
				1FA62031199660CA00460108 /* BasicTests.swift in Sources */,
				1FA62034199660CA00460108 /* StateMachineEventTests.swift in Sources */,
				1FA62035199660CA00460108 /* StateMachineTests.swift in Sources */,
				1FA62037199660CA00460108 /* StateTransitionChainTests.swift in Sources */,
				1FA62032199660CA00460108 /* MyState.swift in Sources */,
			);
			runOnlyForDeploymentPostprocessing = 0;
		};
		4872D5A719B4211900F326B5 /* Sources */ = {
			isa = PBXSourcesBuildPhase;
			buildActionMask = 2147483647;
			files = (
				48797D6219B42CCE0085D80F /* StateRouteChain.swift in Sources */,
				48797D6019B42CCE0085D80F /* StateTransitionChain.swift in Sources */,
				48797D6519B42CD40085D80F /* String+SwiftState.swift in Sources */,
				48797D5F19B42CCE0085D80F /* StateTransition.swift in Sources */,
				48797D6319B42CD40085D80F /* StateType.swift in Sources */,
				48797D5E19B42CCE0085D80F /* StateMachine.swift in Sources */,
				48797D6119B42CCE0085D80F /* StateRoute.swift in Sources */,
				48797D6419B42CD40085D80F /* StateEventType.swift in Sources */,
			);
			runOnlyForDeploymentPostprocessing = 0;
		};
/* End PBXSourcesBuildPhase section */

/* Begin PBXTargetDependency section */
		1FF69206199662A000E3CE40 /* PBXTargetDependency */ = {
			isa = PBXTargetDependency;
			target = 1FA61FFF1996601000460108 /* SwiftState */;
			targetProxy = 1FF69205199662A000E3CE40 /* PBXContainerItemProxy */;
		};
/* End PBXTargetDependency section */

/* Begin XCBuildConfiguration section */
		1FA620111996601000460108 /* Debug */ = {
			isa = XCBuildConfiguration;
			buildSettings = {
				ALWAYS_SEARCH_USER_PATHS = NO;
				CLANG_CXX_LANGUAGE_STANDARD = "gnu++0x";
				CLANG_CXX_LIBRARY = "libc++";
				CLANG_ENABLE_MODULES = YES;
				CLANG_ENABLE_OBJC_ARC = YES;
				CLANG_WARN_BOOL_CONVERSION = YES;
				CLANG_WARN_CONSTANT_CONVERSION = YES;
				CLANG_WARN_DIRECT_OBJC_ISA_USAGE = YES_ERROR;
				CLANG_WARN_EMPTY_BODY = YES;
				CLANG_WARN_ENUM_CONVERSION = YES;
				CLANG_WARN_INT_CONVERSION = YES;
				CLANG_WARN_OBJC_ROOT_CLASS = YES_ERROR;
				CLANG_WARN_UNREACHABLE_CODE = YES;
				CLANG_WARN__DUPLICATE_METHOD_MATCH = YES;
				COPY_PHASE_STRIP = NO;
				CURRENT_PROJECT_VERSION = 1;
				ENABLE_STRICT_OBJC_MSGSEND = YES;
				GCC_C_LANGUAGE_STANDARD = gnu99;
				GCC_DYNAMIC_NO_PIC = NO;
				GCC_OPTIMIZATION_LEVEL = 0;
				GCC_PREPROCESSOR_DEFINITIONS = (
					"DEBUG=1",
					"$(inherited)",
				);
				GCC_SYMBOLS_PRIVATE_EXTERN = NO;
				GCC_WARN_64_TO_32_BIT_CONVERSION = YES;
				GCC_WARN_ABOUT_RETURN_TYPE = YES_ERROR;
				GCC_WARN_UNDECLARED_SELECTOR = YES;
				GCC_WARN_UNINITIALIZED_AUTOS = YES_AGGRESSIVE;
				GCC_WARN_UNUSED_FUNCTION = YES;
				GCC_WARN_UNUSED_VARIABLE = YES;
				IPHONEOS_DEPLOYMENT_TARGET = 8.0;
				MACOSX_DEPLOYMENT_TARGET = 10.9;
				MTL_ENABLE_DEBUG_INFO = YES;
				ONLY_ACTIVE_ARCH = YES;
				SDKROOT = macosx;
				SWIFT_OPTIMIZATION_LEVEL = "-Onone";
				VERSIONING_SYSTEM = "apple-generic";
				VERSION_INFO_PREFIX = "";
			};
			name = Debug;
		};
		1FA620121996601000460108 /* Release */ = {
			isa = XCBuildConfiguration;
			buildSettings = {
				ALWAYS_SEARCH_USER_PATHS = NO;
				CLANG_CXX_LANGUAGE_STANDARD = "gnu++0x";
				CLANG_CXX_LIBRARY = "libc++";
				CLANG_ENABLE_MODULES = YES;
				CLANG_ENABLE_OBJC_ARC = YES;
				CLANG_WARN_BOOL_CONVERSION = YES;
				CLANG_WARN_CONSTANT_CONVERSION = YES;
				CLANG_WARN_DIRECT_OBJC_ISA_USAGE = YES_ERROR;
				CLANG_WARN_EMPTY_BODY = YES;
				CLANG_WARN_ENUM_CONVERSION = YES;
				CLANG_WARN_INT_CONVERSION = YES;
				CLANG_WARN_OBJC_ROOT_CLASS = YES_ERROR;
				CLANG_WARN_UNREACHABLE_CODE = YES;
				CLANG_WARN__DUPLICATE_METHOD_MATCH = YES;
				COPY_PHASE_STRIP = YES;
				CURRENT_PROJECT_VERSION = 1;
				DEBUG_INFORMATION_FORMAT = "dwarf-with-dsym";
				ENABLE_NS_ASSERTIONS = NO;
				ENABLE_STRICT_OBJC_MSGSEND = YES;
				GCC_C_LANGUAGE_STANDARD = gnu99;
				GCC_WARN_64_TO_32_BIT_CONVERSION = YES;
				GCC_WARN_ABOUT_RETURN_TYPE = YES_ERROR;
				GCC_WARN_UNDECLARED_SELECTOR = YES;
				GCC_WARN_UNINITIALIZED_AUTOS = YES_AGGRESSIVE;
				GCC_WARN_UNUSED_FUNCTION = YES;
				GCC_WARN_UNUSED_VARIABLE = YES;
				IPHONEOS_DEPLOYMENT_TARGET = 8.0;
				MACOSX_DEPLOYMENT_TARGET = 10.9;
				MTL_ENABLE_DEBUG_INFO = NO;
				SDKROOT = macosx;
				VERSIONING_SYSTEM = "apple-generic";
				VERSION_INFO_PREFIX = "";
			};
			name = Release;
		};
		1FA620141996601000460108 /* Debug */ = {
			isa = XCBuildConfiguration;
			buildSettings = {
				CLANG_ENABLE_MODULES = YES;
				COMBINE_HIDPI_IMAGES = YES;
				DEFINES_MODULE = YES;
				DYLIB_COMPATIBILITY_VERSION = 1;
				DYLIB_CURRENT_VERSION = 1;
				DYLIB_INSTALL_NAME_BASE = "@rpath";
				FRAMEWORK_VERSION = A;
				INFOPLIST_FILE = SwiftState/Info.plist;
				INSTALL_PATH = "$(LOCAL_LIBRARY_DIR)/Frameworks";
				LD_RUNPATH_SEARCH_PATHS = "$(inherited) @executable_path/../Frameworks @loader_path/Frameworks";
				PRODUCT_NAME = "$(TARGET_NAME)";
				SKIP_INSTALL = YES;
				SWIFT_OPTIMIZATION_LEVEL = "-Onone";
			};
			name = Debug;
		};
		1FA620151996601000460108 /* Release */ = {
			isa = XCBuildConfiguration;
			buildSettings = {
				CLANG_ENABLE_MODULES = YES;
				COMBINE_HIDPI_IMAGES = YES;
				DEFINES_MODULE = YES;
				DYLIB_COMPATIBILITY_VERSION = 1;
				DYLIB_CURRENT_VERSION = 1;
				DYLIB_INSTALL_NAME_BASE = "@rpath";
				FRAMEWORK_VERSION = A;
				INFOPLIST_FILE = SwiftState/Info.plist;
				INSTALL_PATH = "$(LOCAL_LIBRARY_DIR)/Frameworks";
				LD_RUNPATH_SEARCH_PATHS = "$(inherited) @executable_path/../Frameworks @loader_path/Frameworks";
				PRODUCT_NAME = "$(TARGET_NAME)";
				SKIP_INSTALL = YES;
			};
			name = Release;
		};
		1FA620171996601000460108 /* Debug */ = {
			isa = XCBuildConfiguration;
			buildSettings = {
				COMBINE_HIDPI_IMAGES = YES;
				FRAMEWORK_SEARCH_PATHS = (
					"$(DEVELOPER_FRAMEWORKS_DIR)",
					"$(inherited)",
				);
				GCC_PREPROCESSOR_DEFINITIONS = (
					"DEBUG=1",
					"$(inherited)",
				);
				INFOPLIST_FILE = SwiftStateTests/Info.plist;
				LD_RUNPATH_SEARCH_PATHS = "$(inherited) @executable_path/../Frameworks @loader_path/../Frameworks";
				PRODUCT_NAME = "$(TARGET_NAME)";
			};
			name = Debug;
		};
		1FA620181996601000460108 /* Release */ = {
			isa = XCBuildConfiguration;
			buildSettings = {
				COMBINE_HIDPI_IMAGES = YES;
				FRAMEWORK_SEARCH_PATHS = (
					"$(DEVELOPER_FRAMEWORKS_DIR)",
					"$(inherited)",
				);
				INFOPLIST_FILE = SwiftStateTests/Info.plist;
				LD_RUNPATH_SEARCH_PATHS = "$(inherited) @executable_path/../Frameworks @loader_path/../Frameworks";
				PRODUCT_NAME = "$(TARGET_NAME)";
			};
			name = Release;
		};
		4872D5BC19B4211900F326B5 /* Debug */ = {
			isa = XCBuildConfiguration;
			buildSettings = {
				"CODE_SIGN_IDENTITY[sdk=iphoneos*]" = "iPhone Developer";
				DEFINES_MODULE = YES;
				DYLIB_COMPATIBILITY_VERSION = 1;
				DYLIB_CURRENT_VERSION = 1;
				DYLIB_INSTALL_NAME_BASE = "@rpath";
				GCC_PREPROCESSOR_DEFINITIONS = (
					"DEBUG=1",
					"$(inherited)",
				);
				INFOPLIST_FILE = "$(SRCROOT)/SwiftState/Info.plist";
				INSTALL_PATH = "$(LOCAL_LIBRARY_DIR)/Frameworks";
				LD_RUNPATH_SEARCH_PATHS = "$(inherited) @executable_path/Frameworks @loader_path/Frameworks";
				PRODUCT_NAME = SwiftState;
				SDKROOT = iphoneos;
				SKIP_INSTALL = YES;
				TARGETED_DEVICE_FAMILY = "1,2";
			};
			name = Debug;
		};
		4872D5BD19B4211900F326B5 /* Release */ = {
			isa = XCBuildConfiguration;
			buildSettings = {
				"CODE_SIGN_IDENTITY[sdk=iphoneos*]" = "iPhone Developer";
				DEFINES_MODULE = YES;
				DYLIB_COMPATIBILITY_VERSION = 1;
				DYLIB_CURRENT_VERSION = 1;
				DYLIB_INSTALL_NAME_BASE = "@rpath";
				INFOPLIST_FILE = "$(SRCROOT)/SwiftState/Info.plist";
				INSTALL_PATH = "$(LOCAL_LIBRARY_DIR)/Frameworks";
				LD_RUNPATH_SEARCH_PATHS = "$(inherited) @executable_path/Frameworks @loader_path/Frameworks";
				PRODUCT_NAME = SwiftState;
				SDKROOT = iphoneos;
				SKIP_INSTALL = YES;
				TARGETED_DEVICE_FAMILY = "1,2";
				VALIDATE_PRODUCT = YES;
			};
			name = Release;
		};
/* End XCBuildConfiguration section */

/* Begin XCConfigurationList section */
		1FA61FFA1996601000460108 /* Build configuration list for PBXProject "SwiftState" */ = {
			isa = XCConfigurationList;
			buildConfigurations = (
				1FA620111996601000460108 /* Debug */,
				1FA620121996601000460108 /* Release */,
			);
			defaultConfigurationIsVisible = 0;
			defaultConfigurationName = Release;
		};
		1FA620131996601000460108 /* Build configuration list for PBXNativeTarget "SwiftState" */ = {
			isa = XCConfigurationList;
			buildConfigurations = (
				1FA620141996601000460108 /* Debug */,
				1FA620151996601000460108 /* Release */,
			);
			defaultConfigurationIsVisible = 0;
			defaultConfigurationName = Release;
		};
		1FA620161996601000460108 /* Build configuration list for PBXNativeTarget "SwiftStateTests" */ = {
			isa = XCConfigurationList;
			buildConfigurations = (
				1FA620171996601000460108 /* Debug */,
				1FA620181996601000460108 /* Release */,
			);
			defaultConfigurationIsVisible = 0;
			defaultConfigurationName = Release;
		};
		4872D5C019B4211900F326B5 /* Build configuration list for PBXNativeTarget "SwiftState-iOS" */ = {
			isa = XCConfigurationList;
			buildConfigurations = (
				4872D5BC19B4211900F326B5 /* Debug */,
				4872D5BD19B4211900F326B5 /* Release */,
			);
			defaultConfigurationIsVisible = 0;
			defaultConfigurationName = Release;
		};
/* End XCConfigurationList section */
	};
	rootObject = 1FA61FF71996601000460108 /* Project object */;
}
